
Microsoft Visual Studio Solution File, Format Version 12.00
# Visual Studio 15
VisualStudioVersion = 15.0.27428.2037
MinimumVisualStudioVersion = 10.0.40219.1
Project("{FAE04EC0-301F-11D3-BF4B-00C04F79EFBC}") = "PactClient", "PactClient\PactClient.csproj", "{7E86F0DA-74AB-4E32-87E8-704F6D30B59E}"
EndProject
Project("{FAE04EC0-301F-11D3-BF4B-00C04F79EFBC}") = "PactClientTest", "PactClientTest\PactClientTest.csproj", "{29FBBC33-8708-40F5-A36C-05A0C8DD5544}"
EndProject
Global
	GlobalSection(SolutionConfigurationPlatforms) = preSolution
		Debug|Any CPU = Debug|Any CPU
		Release|Any CPU = Release|Any CPU
	EndGlobalSection
	GlobalSection(ProjectConfigurationPlatforms) = postSolution
		{7E86F0DA-74AB-4E32-87E8-704F6D30B59E}.Debug|Any CPU.ActiveCfg = Debug|Any CPU
		{7E86F0DA-74AB-4E32-87E8-704F6D30B59E}.Debug|Any CPU.Build.0 = Debug|Any CPU
		{7E86F0DA-74AB-4E32-87E8-704F6D30B59E}.Release|Any CPU.ActiveCfg = Release|Any CPU
		{7E86F0DA-74AB-4E32-87E8-704F6D30B59E}.Release|Any CPU.Build.0 = Release|Any CPU
		{29FBBC33-8708-40F5-A36C-05A0C8DD5544}.Debug|Any CPU.ActiveCfg = Debug|Any CPU
		{29FBBC33-8708-40F5-A36C-05A0C8DD5544}.Debug|Any CPU.Build.0 = Debug|Any CPU
		{29FBBC33-8708-40F5-A36C-05A0C8DD5544}.Release|Any CPU.ActiveCfg = Release|Any CPU
		{29FBBC33-8708-40F5-A36C-05A0C8DD5544}.Release|Any CPU.Build.0 = Release|Any CPU
	EndGlobalSection
	GlobalSection(SolutionProperties) = preSolution
		HideSolutionNode = FALSE
	EndGlobalSection
	GlobalSection(ExtensibilityGlobals) = postSolution
		SolutionGuid = {0C63B144-15B4-4415-A514-2EA97C4107D5}
	EndGlobalSection
EndGlobal
